
Microsoft Visual Studio Solution File, Format Version 12.00
# Visual Studio Version 17
VisualStudioVersion = 17.10.35122.118
MinimumVisualStudioVersion = 10.0.40219.1
Project("{FAE04EC0-301F-11D3-BF4B-00C04F79EFBC}") = "CSharpOdev12", "CSharpOdev12\CSharpOdev12.csproj", "{B93A3993-5CBE-4D7A-BFDD-C8FDC29B4906}"
EndProject
Project("{2150E333-8FDC-42A3-9474-1A3956D46DE8}") = "Solution Items", "Solution Items", "{4BDCFC65-0736-418B-8F8F-BEA2B47A7FAC}"
	ProjectSection(SolutionItems) = preProject
		README.md = README.md
	EndProjectSection
EndProject
Global
	GlobalSection(SolutionConfigurationPlatforms) = preSolution
		Debug|Any CPU = Debug|Any CPU
		Release|Any CPU = Release|Any CPU
	EndGlobalSection
	GlobalSection(ProjectConfigurationPlatforms) = postSolution
		{B93A3993-5CBE-4D7A-BFDD-C8FDC29B4906}.Debug|Any CPU.ActiveCfg = Debug|Any CPU
		{B93A3993-5CBE-4D7A-BFDD-C8FDC29B4906}.Debug|Any CPU.Build.0 = Debug|Any CPU
		{B93A3993-5CBE-4D7A-BFDD-C8FDC29B4906}.Release|Any CPU.ActiveCfg = Release|Any CPU
		{B93A3993-5CBE-4D7A-BFDD-C8FDC29B4906}.Release|Any CPU.Build.0 = Release|Any CPU
	EndGlobalSection
	GlobalSection(SolutionProperties) = preSolution
		HideSolutionNode = FALSE
	EndGlobalSection
	GlobalSection(ExtensibilityGlobals) = postSolution
		SolutionGuid = {0B8F515E-A65E-4A3C-9C03-B8ADEBE3FF00}
	EndGlobalSection
EndGlobal
